
Microsoft Visual Studio Solution File, Format Version 12.00
# Visual Studio Version 17
VisualStudioVersion = 17.2.32519.379
MinimumVisualStudioVersion = 10.0.40219.1
Project("{9A19103F-16F7-4668-BE54-9A1E7A4F7556}") = "AutocompleteService", "AutocompleteService\AutocompleteService.csproj", "{F201075A-F3BF-4CD5-B25F-0B86D1D8034E}"
EndProject
Project("{E53339B2-1760-4266-BCC7-CA923CBCF16C}") = "docker-compose", "docker-compose.dcproj", "{A16738C8-3273-4763-A907-5606F479A7F8}"
EndProject
Global
	GlobalSection(SolutionConfigurationPlatforms) = preSolution
		Debug|Any CPU = Debug|Any CPU
		Release|Any CPU = Release|Any CPU
	EndGlobalSection
	GlobalSection(ProjectConfigurationPlatforms) = postSolution
		{F201075A-F3BF-4CD5-B25F-0B86D1D8034E}.Debug|Any CPU.ActiveCfg = Debug|Any CPU
		{F201075A-F3BF-4CD5-B25F-0B86D1D8034E}.Debug|Any CPU.Build.0 = Debug|Any CPU
		{F201075A-F3BF-4CD5-B25F-0B86D1D8034E}.Release|Any CPU.ActiveCfg = Release|Any CPU
		{F201075A-F3BF-4CD5-B25F-0B86D1D8034E}.Release|Any CPU.Build.0 = Release|Any CPU
		{A16738C8-3273-4763-A907-5606F479A7F8}.Debug|Any CPU.ActiveCfg = Debug|Any CPU
		{A16738C8-3273-4763-A907-5606F479A7F8}.Debug|Any CPU.Build.0 = Debug|Any CPU
		{A16738C8-3273-4763-A907-5606F479A7F8}.Release|Any CPU.ActiveCfg = Release|Any CPU
		{A16738C8-3273-4763-A907-5606F479A7F8}.Release|Any CPU.Build.0 = Release|Any CPU
	EndGlobalSection
	GlobalSection(SolutionProperties) = preSolution
		HideSolutionNode = FALSE
	EndGlobalSection
	GlobalSection(ExtensibilityGlobals) = postSolution
		SolutionGuid = {B83EBAD9-2B61-44A5-AE28-684F6FD51583}
	EndGlobalSection
EndGlobal
